
Microsoft Visual Studio Solution File, Format Version 12.00
# Visual Studio Version 16
VisualStudioVersion = 16.0.31129.286
MinimumVisualStudioVersion = 10.0.40219.1
Project("{FAE04EC0-301F-11D3-BF4B-00C04F79EFBC}") = "ClientWebService", "ClientWebService\ClientWebService.csproj", "{D51BEBF7-C1B5-43C7-8521-17820890D7A9}"
EndProject
Project("{FAE04EC0-301F-11D3-BF4B-00C04F79EFBC}") = "ClientAppFrontend", "ClientAppFrontend\ClientAppFrontend.csproj", "{243C0F4B-D1D3-44D3-A362-1D590BCF14C8}"
EndProject
Global
	GlobalSection(SolutionConfigurationPlatforms) = preSolution
		Debug|Any CPU = Debug|Any CPU
		Release|Any CPU = Release|Any CPU
	EndGlobalSection
	GlobalSection(ProjectConfigurationPlatforms) = postSolution
		{D51BEBF7-C1B5-43C7-8521-17820890D7A9}.Debug|Any CPU.ActiveCfg = Debug|Any CPU
		{D51BEBF7-C1B5-43C7-8521-17820890D7A9}.Debug|Any CPU.Build.0 = Debug|Any CPU
		{D51BEBF7-C1B5-43C7-8521-17820890D7A9}.Release|Any CPU.ActiveCfg = Release|Any CPU
		{D51BEBF7-C1B5-43C7-8521-17820890D7A9}.Release|Any CPU.Build.0 = Release|Any CPU
		{243C0F4B-D1D3-44D3-A362-1D590BCF14C8}.Debug|Any CPU.ActiveCfg = Debug|Any CPU
		{243C0F4B-D1D3-44D3-A362-1D590BCF14C8}.Debug|Any CPU.Build.0 = Debug|Any CPU
		{243C0F4B-D1D3-44D3-A362-1D590BCF14C8}.Release|Any CPU.ActiveCfg = Release|Any CPU
		{243C0F4B-D1D3-44D3-A362-1D590BCF14C8}.Release|Any CPU.Build.0 = Release|Any CPU
	EndGlobalSection
	GlobalSection(SolutionProperties) = preSolution
		HideSolutionNode = FALSE
	EndGlobalSection
	GlobalSection(ExtensibilityGlobals) = postSolution
		SolutionGuid = {8A69FC2E-80B4-40FC-B7BE-A250F4D13E25}
	EndGlobalSection
EndGlobal
